<?xml version="1.0" encoding="utf-8"?>
<Project ToolsVersion="4.0" xmlns="http://schemas.microsoft.com/developer/msbuild/2003">
  <ItemGroup>
    <Filter Include="Source Files">
      <UniqueIdentifier>{4FC737F1-C7A5-4376-A066-2A32D752A2FF}</UniqueIdentifier>
      <Extensions>cpp;c;cc;cxx;def;odl;idl;hpj;bat;asm;asmx</Extensions>
    </Filter>
    <Filter Include="Header Files">
      <UniqueIdentifier>{93995380-89BD-4b04-88EB-625FBE52EBFB}</UniqueIdentifier>
      <Extensions>h;hh;hpp;hxx;hm;inl;inc;xsd</Extensions>
    </Filter>
    <Filter Include="Resource Files">
      <UniqueIdentifier>{67DA6AB6-F800-4c08-8B7A-83BB121AAD01}</UniqueIdentifier>
      <Extensions>rc;ico;cur;bmp;dlg;rc2;rct;bin;rgs;gif;jpg;jpeg;jpe;resx;tiff;tif;png;wav;mfcribbon-ms</Extensions>
    </Filter>
    <Filter Include="Resource Files\Lib">
      <UniqueIdentifier>{fe83c696-c9ce-4a3d-b850-0dca4c91dfe8}</UniqueIdentifier>
    </Filter>
    <Filter Include="Resource Files\Lib\x86">
      <UniqueIdentifier>{cf845ffa-01c5-4c64-bc09-b3e4a2cd14ff}</UniqueIdentifier>
    </Filter>
    <Filter Include="Resource Files\Lib\x64">
      <UniqueIdentifier>{f1917f18-3cfa-4101-ae1e-53570cdde0f2}</UniqueIdentifier>
    </Filter>
    <Filter Include="Header Files\Include">
      <UniqueIdentifier>{d48edd28-bc48-4a4c-970e-4140d9af5697}</UniqueIdentifier>
    </Filter>
    <Filter Include="Header Files\Include\SDL">
      <UniqueIdentifier>{17bb08b8-bf4f-4543-9692-b013b0dbc5fb}</UniqueIdentifier>
    </Filter>
    <Filter Include="Header Files\Core">
      <UniqueIdentifier>{b4b8b2f1-32ac-4e1b-a1b7-796b3589953e}</UniqueIdentifier>
    </Filter>
    <Filter Include="Header Files\Core\Utils">
      <UniqueIdentifier>{c8bce305-c3ea-448c-b701-0bb00ef2165b}</UniqueIdentifier>
    </Filter>
    <Filter Include="Header Files\Core\Components">
      <UniqueIdentifier>{ff02cfdf-8b3a-4357-8ffb-89453359f285}</UniqueIdentifier>
    </Filter>
    <Filter Include="Header Files\User">
      <UniqueIdentifier>{54148684-7bb1-4967-b38e-f657fbd3711b}</UniqueIdentifier>
    </Filter>
    <Filter Include="Source Files\Core">
      <UniqueIdentifier>{c4fcd7c7-bbff-48d4-9f3b-0d146fddd65e}</UniqueIdentifier>
    </Filter>
    <Filter Include="Header Files\SDL">
      <UniqueIdentifier>{a66ebb57-bc66-4e7f-b512-be01b9d8e128}</UniqueIdentifier>
    </Filter>
    <Filter Include="Header Files\User\Samples">
      <UniqueIdentifier>{da598a4d-3c19-4d91-adff-22e9a0be4ab3}</UniqueIdentifier>
    </Filter>
    <Filter Include="Source Files\User">
      <UniqueIdentifier>{df0795ce-1972-4db8-a561-a5fa6119810f}</UniqueIdentifier>
    </Filter>
    <Filter Include="Source Files\User\Samples">
      <UniqueIdentifier>{4674d68a-af7c-483b-9dec-61f2205da318}</UniqueIdentifier>
    </Filter>
    <Filter Include="Source Files\Core\Components">
      <UniqueIdentifier>{5d85cccd-c5c0-49b0-8cb5-47a4d2d82852}</UniqueIdentifier>
    </Filter>
    <Filter Include="Resource Files\Box2D">
      <UniqueIdentifier>{156df9f2-e6b0-41df-b7f8-0f6b1fd5f073}</UniqueIdentifier>
    </Filter>
    <Filter Include="Resource Files\Box2D\Src">
      <UniqueIdentifier>{ea629cc4-866a-4a9c-b3dc-b2b16c5ad0ed}</UniqueIdentifier>
    </Filter>
    <Filter Include="Resource Files\Box2D\Include">
      <UniqueIdentifier>{732c87ab-96e7-4790-bbaf-c13588da4a54}</UniqueIdentifier>
    </Filter>
  </ItemGroup>
  <ItemGroup>
    <ClCompile Include="Main.cpp">
      <Filter>Source Files</Filter>
    </ClCompile>
    <ClCompile Include="Component.cpp">
      <Filter>Source Files\Core</Filter>
    </ClCompile>
    <ClCompile Include="GameEnv.cpp">
      <Filter>Source Files\Core</Filter>
    </ClCompile>
    <ClCompile Include="GameObject.cpp">
      <Filter>Source Files\Core</Filter>
    </ClCompile>
    <ClCompile Include="RenderingManager.cpp">
      <Filter>Source Files\Core</Filter>
    </ClCompile>
    <ClCompile Include="Resource.cpp">
      <Filter>Source Files\Core</Filter>
    </ClCompile>
    <ClCompile Include="ResourceManager.cpp">
      <Filter>Source Files\Core</Filter>
    </ClCompile>
    <ClCompile Include="Scene.cpp">
      <Filter>Source Files\Core</Filter>
    </ClCompile>
    <ClCompile Include="Sprite.cpp">
      <Filter>Source Files\Core</Filter>
    </ClCompile>
    <ClCompile Include="Texture.cpp">
      <Filter>Source Files\Core</Filter>
    </ClCompile>
    <ClCompile Include="Time.cpp">
      <Filter>Source Files\Core</Filter>
    </ClCompile>
    <ClCompile Include="UniquePtrList.cpp">
      <Filter>Source Files\Core</Filter>
    </ClCompile>
    <ClCompile Include="TestMoveComponent.cpp">
      <Filter>Source Files\User</Filter>
    </ClCompile>
    <ClCompile Include="PhysicsManager.cpp">
      <Filter>Source Files\Core</Filter>
    </ClCompile>
    <ClCompile Include="Camera.cpp">
      <Filter>Source Files\Core\Components</Filter>
    </ClCompile>
    <ClCompile Include="Renderer.cpp">
      <Filter>Source Files\Core\Components</Filter>
    </ClCompile>
    <ClCompile Include="SpriteRenderer.cpp">
      <Filter>Source Files\Core\Components</Filter>
    </ClCompile>
    <ClCompile Include="PhysicsActor.cpp">
      <Filter>Source Files\Core\Components</Filter>
    </ClCompile>
    <ClCompile Include="Collider.cpp">
      <Filter>Source Files\Core\Components</Filter>
    </ClCompile>
    <ClCompile Include="Dependencies\Box2D\src\collision\b2_broad_phase.cpp">
      <Filter>Resource Files\Box2D\Src</Filter>
    </ClCompile>
    <ClCompile Include="Dependencies\Box2D\src\collision\b2_chain_shape.cpp">
      <Filter>Resource Files\Box2D\Src</Filter>
    </ClCompile>
    <ClCompile Include="Dependencies\Box2D\src\collision\b2_circle_shape.cpp">
      <Filter>Resource Files\Box2D\Src</Filter>
    </ClCompile>
    <ClCompile Include="Dependencies\Box2D\src\collision\b2_collide_circle.cpp">
      <Filter>Resource Files\Box2D\Src</Filter>
    </ClCompile>
    <ClCompile Include="Dependencies\Box2D\src\collision\b2_collide_edge.cpp">
      <Filter>Resource Files\Box2D\Src</Filter>
    </ClCompile>
    <ClCompile Include="Dependencies\Box2D\src\collision\b2_collide_polygon.cpp">
      <Filter>Resource Files\Box2D\Src</Filter>
    </ClCompile>
    <ClCompile Include="Dependencies\Box2D\src\collision\b2_collision.cpp">
      <Filter>Resource Files\Box2D\Src</Filter>
    </ClCompile>
    <ClCompile Include="Dependencies\Box2D\src\collision\b2_distance.cpp">
      <Filter>Resource Files\Box2D\Src</Filter>
    </ClCompile>
    <ClCompile Include="Dependencies\Box2D\src\collision\b2_dynamic_tree.cpp">
      <Filter>Resource Files\Box2D\Src</Filter>
    </ClCompile>
    <ClCompile Include="Dependencies\Box2D\src\collision\b2_edge_shape.cpp">
      <Filter>Resource Files\Box2D\Src</Filter>
    </ClCompile>
    <ClCompile Include="Dependencies\Box2D\src\collision\b2_polygon_shape.cpp">
      <Filter>Resource Files\Box2D\Src</Filter>
    </ClCompile>
    <ClCompile Include="Dependencies\Box2D\src\collision\b2_time_of_impact.cpp">
      <Filter>Resource Files\Box2D\Src</Filter>
    </ClCompile>
    <ClCompile Include="Dependencies\Box2D\src\common\b2_block_allocator.cpp">
      <Filter>Resource Files\Box2D\Src</Filter>
    </ClCompile>
    <ClCompile Include="Dependencies\Box2D\src\common\b2_draw.cpp">
      <Filter>Resource Files\Box2D\Src</Filter>
    </ClCompile>
    <ClCompile Include="Dependencies\Box2D\src\common\b2_math.cpp">
      <Filter>Resource Files\Box2D\Src</Filter>
    </ClCompile>
    <ClCompile Include="Dependencies\Box2D\src\common\b2_settings.cpp">
      <Filter>Resource Files\Box2D\Src</Filter>
    </ClCompile>
    <ClCompile Include="Dependencies\Box2D\src\common\b2_stack_allocator.cpp">
      <Filter>Resource Files\Box2D\Src</Filter>
    </ClCompile>
    <ClCompile Include="Dependencies\Box2D\src\common\b2_timer.cpp">
      <Filter>Resource Files\Box2D\Src</Filter>
    </ClCompile>
    <ClCompile Include="Dependencies\Box2D\src\dynamics\b2_body.cpp">
      <Filter>Resource Files\Box2D\Src</Filter>
    </ClCompile>
    <ClCompile Include="Dependencies\Box2D\src\dynamics\b2_chain_circle_contact.cpp">
      <Filter>Resource Files\Box2D\Src</Filter>
    </ClCompile>
    <ClCompile Include="Dependencies\Box2D\src\dynamics\b2_chain_polygon_contact.cpp">
      <Filter>Resource Files\Box2D\Src</Filter>
    </ClCompile>
    <ClCompile Include="Dependencies\Box2D\src\dynamics\b2_circle_contact.cpp">
      <Filter>Resource Files\Box2D\Src</Filter>
    </ClCompile>
    <ClCompile Include="Dependencies\Box2D\src\dynamics\b2_contact.cpp">
      <Filter>Resource Files\Box2D\Src</Filter>
    </ClCompile>
    <ClCompile Include="Dependencies\Box2D\src\dynamics\b2_contact_manager.cpp">
      <Filter>Resource Files\Box2D\Src</Filter>
    </ClCompile>
    <ClCompile Include="Dependencies\Box2D\src\dynamics\b2_contact_solver.cpp">
      <Filter>Resource Files\Box2D\Src</Filter>
    </ClCompile>
    <ClCompile Include="Dependencies\Box2D\src\dynamics\b2_distance_joint.cpp">
      <Filter>Resource Files\Box2D\Src</Filter>
    </ClCompile>
    <ClCompile Include="Dependencies\Box2D\src\dynamics\b2_edge_circle_contact.cpp">
      <Filter>Resource Files\Box2D\Src</Filter>
    </ClCompile>
    <ClCompile Include="Dependencies\Box2D\src\dynamics\b2_edge_polygon_contact.cpp">
      <Filter>Resource Files\Box2D\Src</Filter>
    </ClCompile>
    <ClCompile Include="Dependencies\Box2D\src\dynamics\b2_fixture.cpp">
      <Filter>Resource Files\Box2D\Src</Filter>
    </ClCompile>
    <ClCompile Include="Dependencies\Box2D\src\dynamics\b2_friction_joint.cpp">
      <Filter>Resource Files\Box2D\Src</Filter>
    </ClCompile>
    <ClCompile Include="Dependencies\Box2D\src\dynamics\b2_gear_joint.cpp">
      <Filter>Resource Files\Box2D\Src</Filter>
    </ClCompile>
    <ClCompile Include="Dependencies\Box2D\src\dynamics\b2_island.cpp">
      <Filter>Resource Files\Box2D\Src</Filter>
    </ClCompile>
    <ClCompile Include="Dependencies\Box2D\src\dynamics\b2_joint.cpp">
      <Filter>Resource Files\Box2D\Src</Filter>
    </ClCompile>
    <ClCompile Include="Dependencies\Box2D\src\dynamics\b2_motor_joint.cpp">
      <Filter>Resource Files\Box2D\Src</Filter>
    </ClCompile>
    <ClCompile Include="Dependencies\Box2D\src\dynamics\b2_mouse_joint.cpp">
      <Filter>Resource Files\Box2D\Src</Filter>
    </ClCompile>
    <ClCompile Include="Dependencies\Box2D\src\dynamics\b2_polygon_circle_contact.cpp">
      <Filter>Resource Files\Box2D\Src</Filter>
    </ClCompile>
    <ClCompile Include="Dependencies\Box2D\src\dynamics\b2_polygon_contact.cpp">
      <Filter>Resource Files\Box2D\Src</Filter>
    </ClCompile>
    <ClCompile Include="Dependencies\Box2D\src\dynamics\b2_prismatic_joint.cpp">
      <Filter>Resource Files\Box2D\Src</Filter>
    </ClCompile>
    <ClCompile Include="Dependencies\Box2D\src\dynamics\b2_pulley_joint.cpp">
      <Filter>Resource Files\Box2D\Src</Filter>
    </ClCompile>
    <ClCompile Include="Dependencies\Box2D\src\dynamics\b2_revolute_joint.cpp">
      <Filter>Resource Files\Box2D\Src</Filter>
    </ClCompile>
    <ClCompile Include="Dependencies\Box2D\src\dynamics\b2_weld_joint.cpp">
      <Filter>Resource Files\Box2D\Src</Filter>
    </ClCompile>
    <ClCompile Include="Dependencies\Box2D\src\dynamics\b2_wheel_joint.cpp">
      <Filter>Resource Files\Box2D\Src</Filter>
    </ClCompile>
    <ClCompile Include="Dependencies\Box2D\src\dynamics\b2_world.cpp">
      <Filter>Resource Files\Box2D\Src</Filter>
    </ClCompile>
    <ClCompile Include="Dependencies\Box2D\src\dynamics\b2_world_callbacks.cpp">
      <Filter>Resource Files\Box2D\Src</Filter>
    </ClCompile>
    <ClCompile Include="Dependencies\Box2D\src\rope\b2_rope.cpp">
      <Filter>Resource Files\Box2D\Src</Filter>
    </ClCompile>
  </ItemGroup>
  <ItemGroup>
    <ClInclude Include="Include\SDL\begin_code.h">
      <Filter>Header Files\Include\SDL</Filter>
    </ClInclude>
    <ClInclude Include="Include\SDL\close_code.h">
      <Filter>Header Files\Include\SDL</Filter>
    </ClInclude>
    <ClInclude Include="Include\SDL\SDL.h">
      <Filter>Header Files\Include\SDL</Filter>
    </ClInclude>
    <ClInclude Include="Include\SDL\SDL_assert.h">
      <Filter>Header Files\Include\SDL</Filter>
    </ClInclude>
    <ClInclude Include="Include\SDL\SDL_atomic.h">
      <Filter>Header Files\Include\SDL</Filter>
    </ClInclude>
    <ClInclude Include="Include\SDL\SDL_audio.h">
      <Filter>Header Files\Include\SDL</Filter>
    </ClInclude>
    <ClInclude Include="Include\SDL\SDL_bits.h">
      <Filter>Header Files\Include\SDL</Filter>
    </ClInclude>
    <ClInclude Include="Include\SDL\SDL_blendmode.h">
      <Filter>Header Files\Include\SDL</Filter>
    </ClInclude>
    <ClInclude Include="Include\SDL\SDL_clipboard.h">
      <Filter>Header Files\Include\SDL</Filter>
    </ClInclude>
    <ClInclude Include="Include\SDL\SDL_config.h">
      <Filter>Header Files\Include\SDL</Filter>
    </ClInclude>
    <ClInclude Include="Include\SDL\SDL_cpuinfo.h">
      <Filter>Header Files\Include\SDL</Filter>
    </ClInclude>
    <ClInclude Include="Include\SDL\SDL_egl.h">
      <Filter>Header Files\Include\SDL</Filter>
    </ClInclude>
    <ClInclude Include="Include\SDL\SDL_endian.h">
      <Filter>Header Files\Include\SDL</Filter>
    </ClInclude>
    <ClInclude Include="Include\SDL\SDL_error.h">
      <Filter>Header Files\Include\SDL</Filter>
    </ClInclude>
    <ClInclude Include="Include\SDL\SDL_events.h">
      <Filter>Header Files\Include\SDL</Filter>
    </ClInclude>
    <ClInclude Include="Include\SDL\SDL_filesystem.h">
      <Filter>Header Files\Include\SDL</Filter>
    </ClInclude>
    <ClInclude Include="Include\SDL\SDL_gamecontroller.h">
      <Filter>Header Files\Include\SDL</Filter>
    </ClInclude>
    <ClInclude Include="Include\SDL\SDL_gesture.h">
      <Filter>Header Files\Include\SDL</Filter>
    </ClInclude>
    <ClInclude Include="Include\SDL\SDL_haptic.h">
      <Filter>Header Files\Include\SDL</Filter>
    </ClInclude>
    <ClInclude Include="Include\SDL\SDL_hints.h">
      <Filter>Header Files\Include\SDL</Filter>
    </ClInclude>
    <ClInclude Include="Include\SDL\SDL_joystick.h">
      <Filter>Header Files\Include\SDL</Filter>
    </ClInclude>
    <ClInclude Include="Include\SDL\SDL_keyboard.h">
      <Filter>Header Files\Include\SDL</Filter>
    </ClInclude>
    <ClInclude Include="Include\SDL\SDL_keycode.h">
      <Filter>Header Files\Include\SDL</Filter>
    </ClInclude>
    <ClInclude Include="Include\SDL\SDL_loadso.h">
      <Filter>Header Files\Include\SDL</Filter>
    </ClInclude>
    <ClInclude Include="Include\SDL\SDL_log.h">
      <Filter>Header Files\Include\SDL</Filter>
    </ClInclude>
    <ClInclude Include="Include\SDL\SDL_main.h">
      <Filter>Header Files\Include\SDL</Filter>
    </ClInclude>
    <ClInclude Include="Include\SDL\SDL_messagebox.h">
      <Filter>Header Files\Include\SDL</Filter>
    </ClInclude>
    <ClInclude Include="Include\SDL\SDL_mouse.h">
      <Filter>Header Files\Include\SDL</Filter>
    </ClInclude>
    <ClInclude Include="Include\SDL\SDL_mutex.h">
      <Filter>Header Files\Include\SDL</Filter>
    </ClInclude>
    <ClInclude Include="Include\SDL\SDL_name.h">
      <Filter>Header Files\Include\SDL</Filter>
    </ClInclude>
    <ClInclude Include="Include\SDL\SDL_opengl.h">
      <Filter>Header Files\Include\SDL</Filter>
    </ClInclude>
    <ClInclude Include="Include\SDL\SDL_opengl_glext.h">
      <Filter>Header Files\Include\SDL</Filter>
    </ClInclude>
    <ClInclude Include="Include\SDL\SDL_opengles.h">
      <Filter>Header Files\Include\SDL</Filter>
    </ClInclude>
    <ClInclude Include="Include\SDL\SDL_opengles2.h">
      <Filter>Header Files\Include\SDL</Filter>
    </ClInclude>
    <ClInclude Include="Include\SDL\SDL_opengles2_gl2.h">
      <Filter>Header Files\Include\SDL</Filter>
    </ClInclude>
    <ClInclude Include="Include\SDL\SDL_opengles2_gl2ext.h">
      <Filter>Header Files\Include\SDL</Filter>
    </ClInclude>
    <ClInclude Include="Include\SDL\SDL_opengles2_gl2platform.h">
      <Filter>Header Files\Include\SDL</Filter>
    </ClInclude>
    <ClInclude Include="Include\SDL\SDL_opengles2_khrplatform.h">
      <Filter>Header Files\Include\SDL</Filter>
    </ClInclude>
    <ClInclude Include="Include\SDL\SDL_pixels.h">
      <Filter>Header Files\Include\SDL</Filter>
    </ClInclude>
    <ClInclude Include="Include\SDL\SDL_platform.h">
      <Filter>Header Files\Include\SDL</Filter>
    </ClInclude>
    <ClInclude Include="Include\SDL\SDL_power.h">
      <Filter>Header Files\Include\SDL</Filter>
    </ClInclude>
    <ClInclude Include="Include\SDL\SDL_quit.h">
      <Filter>Header Files\Include\SDL</Filter>
    </ClInclude>
    <ClInclude Include="Include\SDL\SDL_rect.h">
      <Filter>Header Files\Include\SDL</Filter>
    </ClInclude>
    <ClInclude Include="Include\SDL\SDL_render.h">
      <Filter>Header Files\Include\SDL</Filter>
    </ClInclude>
    <ClInclude Include="Include\SDL\SDL_revision.h">
      <Filter>Header Files\Include\SDL</Filter>
    </ClInclude>
    <ClInclude Include="Include\SDL\SDL_rwops.h">
      <Filter>Header Files\Include\SDL</Filter>
    </ClInclude>
    <ClInclude Include="Include\SDL\SDL_scancode.h">
      <Filter>Header Files\Include\SDL</Filter>
    </ClInclude>
    <ClInclude Include="Include\SDL\SDL_shape.h">
      <Filter>Header Files\Include\SDL</Filter>
    </ClInclude>
    <ClInclude Include="Include\SDL\SDL_stdinc.h">
      <Filter>Header Files\Include\SDL</Filter>
    </ClInclude>
    <ClInclude Include="Include\SDL\SDL_surface.h">
      <Filter>Header Files\Include\SDL</Filter>
    </ClInclude>
    <ClInclude Include="Include\SDL\SDL_system.h">
      <Filter>Header Files\Include\SDL</Filter>
    </ClInclude>
    <ClInclude Include="Include\SDL\SDL_syswm.h">
      <Filter>Header Files\Include\SDL</Filter>
    </ClInclude>
    <ClInclude Include="Include\SDL\SDL_test.h">
      <Filter>Header Files\Include\SDL</Filter>
    </ClInclude>
    <ClInclude Include="Include\SDL\SDL_test_assert.h">
      <Filter>Header Files\Include\SDL</Filter>
    </ClInclude>
    <ClInclude Include="Include\SDL\SDL_test_common.h">
      <Filter>Header Files\Include\SDL</Filter>
    </ClInclude>
    <ClInclude Include="Include\SDL\SDL_test_compare.h">
      <Filter>Header Files\Include\SDL</Filter>
    </ClInclude>
    <ClInclude Include="Include\SDL\SDL_test_crc32.h">
      <Filter>Header Files\Include\SDL</Filter>
    </ClInclude>
    <ClInclude Include="Include\SDL\SDL_test_font.h">
      <Filter>Header Files\Include\SDL</Filter>
    </ClInclude>
    <ClInclude Include="Include\SDL\SDL_test_fuzzer.h">
      <Filter>Header Files\Include\SDL</Filter>
    </ClInclude>
    <ClInclude Include="Include\SDL\SDL_test_harness.h">
      <Filter>Header Files\Include\SDL</Filter>
    </ClInclude>
    <ClInclude Include="Include\SDL\SDL_test_images.h">
      <Filter>Header Files\Include\SDL</Filter>
    </ClInclude>
    <ClInclude Include="Include\SDL\SDL_test_log.h">
      <Filter>Header Files\Include\SDL</Filter>
    </ClInclude>
    <ClInclude Include="Include\SDL\SDL_test_md5.h">
      <Filter>Header Files\Include\SDL</Filter>
    </ClInclude>
    <ClInclude Include="Include\SDL\SDL_test_memory.h">
      <Filter>Header Files\Include\SDL</Filter>
    </ClInclude>
    <ClInclude Include="Include\SDL\SDL_test_random.h">
      <Filter>Header Files\Include\SDL</Filter>
    </ClInclude>
    <ClInclude Include="Include\SDL\SDL_thread.h">
      <Filter>Header Files\Include\SDL</Filter>
    </ClInclude>
    <ClInclude Include="Include\SDL\SDL_timer.h">
      <Filter>Header Files\Include\SDL</Filter>
    </ClInclude>
    <ClInclude Include="Include\SDL\SDL_touch.h">
      <Filter>Header Files\Include\SDL</Filter>
    </ClInclude>
    <ClInclude Include="Include\SDL\SDL_types.h">
      <Filter>Header Files\Include\SDL</Filter>
    </ClInclude>
    <ClInclude Include="Include\SDL\SDL_version.h">
      <Filter>Header Files\Include\SDL</Filter>
    </ClInclude>
    <ClInclude Include="Include\SDL\SDL_video.h">
      <Filter>Header Files\Include\SDL</Filter>
    </ClInclude>
    <ClInclude Include="Include\SDL\SDL_vulkan.h">
      <Filter>Header Files\Include\SDL</Filter>
    </ClInclude>
    <ClInclude Include="Include\SDL\SDL_config_android.h">
      <Filter>Header Files\Include\SDL</Filter>
    </ClInclude>
    <ClInclude Include="Include\SDL\SDL_config_iphoneos.h">
      <Filter>Header Files\Include\SDL</Filter>
    </ClInclude>
    <ClInclude Include="Include\SDL\SDL_config_macosx.h">
      <Filter>Header Files\Include\SDL</Filter>
    </ClInclude>
    <ClInclude Include="Include\SDL\SDL_config_minimal.h">
      <Filter>Header Files\Include\SDL</Filter>
    </ClInclude>
    <ClInclude Include="Include\SDL\SDL_config_pandora.h">
      <Filter>Header Files\Include\SDL</Filter>
    </ClInclude>
    <ClInclude Include="Include\SDL\SDL_config_psp.h">
      <Filter>Header Files\Include\SDL</Filter>
    </ClInclude>
    <ClInclude Include="Include\SDL\SDL_config_windows.h">
      <Filter>Header Files\Include\SDL</Filter>
    </ClInclude>
    <ClInclude Include="Include\SDL\SDL_config_winrt.h">
      <Filter>Header Files\Include\SDL</Filter>
    </ClInclude>
    <ClInclude Include="Include\SDL\SDL_config_wiz.h">
      <Filter>Header Files\Include\SDL</Filter>
    </ClInclude>
    <ClInclude Include="Include\SDL\SDL_copying.h">
      <Filter>Header Files\Include\SDL</Filter>
    </ClInclude>
    <ClInclude Include="Include\SDL.h">
      <Filter>Header Files\Include</Filter>
    </ClInclude>
    <ClInclude Include="Include\SDL\SDL_ttf.h">
      <Filter>Header Files\Include\SDL</Filter>
    </ClInclude>
    <ClInclude Include="Include\SDL_ttf.h">
      <Filter>Header Files\Include</Filter>
    </ClInclude>
    <ClInclude Include="Include\SDL\SDL_image.h">
      <Filter>Header Files\Include\SDL</Filter>
    </ClInclude>
    <ClInclude Include="Include\SDL_image.h">
      <Filter>Header Files\Include</Filter>
    </ClInclude>
    <ClInclude Include="Component.h">
      <Filter>Header Files\Core</Filter>
    </ClInclude>
    <ClInclude Include="GameObject.h">
      <Filter>Header Files\Core</Filter>
    </ClInclude>
    <ClInclude Include="GameEnv.h">
      <Filter>Header Files\Core</Filter>
    </ClInclude>
    <ClInclude Include="RenderingManager.h">
      <Filter>Header Files\Core</Filter>
    </ClInclude>
    <ClInclude Include="Scene.h">
      <Filter>Header Files\Core</Filter>
    </ClInclude>
    <ClInclude Include="Sprite.h">
      <Filter>Header Files\Core</Filter>
    </ClInclude>
    <ClInclude Include="TestMoveComponent.h">
      <Filter>Header Files\User</Filter>
    </ClInclude>
    <ClInclude Include="Time.h">
      <Filter>Header Files\Core\Utils</Filter>
    </ClInclude>
    <ClInclude Include="UniquePtrList.h">
      <Filter>Header Files\Core\Utils</Filter>
    </ClInclude>
    <ClInclude Include="PtrExtensions.h">
      <Filter>Header Files\Core\Utils</Filter>
    </ClInclude>
    <ClInclude Include="MathUtils.h">
      <Filter>Header Files\Core\Utils</Filter>
    </ClInclude>
    <ClInclude Include="Renderer.h">
      <Filter>Header Files\Core\Components</Filter>
    </ClInclude>
    <ClInclude Include="SpriteRenderer.h">
      <Filter>Header Files\Core\Components</Filter>
    </ClInclude>
    <ClInclude Include="Camera.h">
      <Filter>Header Files\Core\Components</Filter>
    </ClInclude>
    <ClInclude Include="Resource.h">
      <Filter>Header Files\Core</Filter>
    </ClInclude>
    <ClInclude Include="ResourceManager.h">
      <Filter>Header Files\Core</Filter>
    </ClInclude>
    <ClInclude Include="Texture.h">
      <Filter>Header Files\Core</Filter>
    </ClInclude>
    <ClInclude Include="EngineCore.h">
      <Filter>Header Files\Core</Filter>
    </ClInclude>
    <ClInclude Include="Include\SDL\SDL_locale.h">
      <Filter>Header Files\SDL</Filter>
    </ClInclude>
    <ClInclude Include="Include\SDL\SDL_metal.h">
      <Filter>Header Files\SDL</Filter>
    </ClInclude>
    <ClInclude Include="Include\SDL\SDL_misc.h">
      <Filter>Header Files\SDL</Filter>
    </ClInclude>
    <ClInclude Include="Include\SDL\SDL_sensor.h">
      <Filter>Header Files\SDL</Filter>
    </ClInclude>
    <ClInclude Include="SDLDeleter.h">
      <Filter>Header Files\SDL</Filter>
    </ClInclude>
    <ClInclude Include="PhysicsManager.h">
      <Filter>Header Files\Core</Filter>
    </ClInclude>
    <ClInclude Include="PhysicsActor.h">
      <Filter>Header Files\Core\Components</Filter>
    </ClInclude>
    <ClInclude Include="Collider.h">
      <Filter>Header Files\Core\Components</Filter>
    </ClInclude>
    <ClInclude Include="Dependencies\Box2D\src\dynamics\b2_chain_circle_contact.h">
      <Filter>Resource Files\Box2D\Src</Filter>
    </ClInclude>
    <ClInclude Include="Dependencies\Box2D\src\dynamics\b2_chain_polygon_contact.h">
      <Filter>Resource Files\Box2D\Src</Filter>
    </ClInclude>
    <ClInclude Include="Dependencies\Box2D\src\dynamics\b2_circle_contact.h">
      <Filter>Resource Files\Box2D\Src</Filter>
    </ClInclude>
    <ClInclude Include="Dependencies\Box2D\src\dynamics\b2_contact_solver.h">
      <Filter>Resource Files\Box2D\Src</Filter>
    </ClInclude>
    <ClInclude Include="Dependencies\Box2D\src\dynamics\b2_edge_circle_contact.h">
      <Filter>Resource Files\Box2D\Src</Filter>
    </ClInclude>
    <ClInclude Include="Dependencies\Box2D\src\dynamics\b2_edge_polygon_contact.h">
      <Filter>Resource Files\Box2D\Src</Filter>
    </ClInclude>
    <ClInclude Include="Dependencies\Box2D\src\dynamics\b2_island.h">
      <Filter>Resource Files\Box2D\Src</Filter>
    </ClInclude>
    <ClInclude Include="Dependencies\Box2D\src\dynamics\b2_polygon_circle_contact.h">
      <Filter>Resource Files\Box2D\Src</Filter>
    </ClInclude>
    <ClInclude Include="Dependencies\Box2D\src\dynamics\b2_polygon_contact.h">
      <Filter>Resource Files\Box2D\Src</Filter>
    </ClInclude>
    <ClInclude Include="Dependencies\Box2D\include\box2d\b2_api.h">
      <Filter>Resource Files\Box2D\Include</Filter>
    </ClInclude>
    <ClInclude Include="Dependencies\Box2D\include\box2d\b2_block_allocator.h">
      <Filter>Resource Files\Box2D\Include</Filter>
    </ClInclude>
    <ClInclude Include="Dependencies\Box2D\include\box2d\b2_body.h">
      <Filter>Resource Files\Box2D\Include</Filter>
    </ClInclude>
    <ClInclude Include="Dependencies\Box2D\include\box2d\b2_broad_phase.h">
      <Filter>Resource Files\Box2D\Include</Filter>
    </ClInclude>
    <ClInclude Include="Dependencies\Box2D\include\box2d\b2_chain_shape.h">
      <Filter>Resource Files\Box2D\Include</Filter>
    </ClInclude>
    <ClInclude Include="Dependencies\Box2D\include\box2d\b2_circle_shape.h">
      <Filter>Resource Files\Box2D\Include</Filter>
    </ClInclude>
    <ClInclude Include="Dependencies\Box2D\include\box2d\b2_collision.h">
      <Filter>Resource Files\Box2D\Include</Filter>
    </ClInclude>
    <ClInclude Include="Dependencies\Box2D\include\box2d\b2_common.h">
      <Filter>Resource Files\Box2D\Include</Filter>
    </ClInclude>
    <ClInclude Include="Dependencies\Box2D\include\box2d\b2_contact.h">
      <Filter>Resource Files\Box2D\Include</Filter>
    </ClInclude>
    <ClInclude Include="Dependencies\Box2D\include\box2d\b2_contact_manager.h">
      <Filter>Resource Files\Box2D\Include</Filter>
    </ClInclude>
    <ClInclude Include="Dependencies\Box2D\include\box2d\b2_distance.h">
      <Filter>Resource Files\Box2D\Include</Filter>
    </ClInclude>
    <ClInclude Include="Dependencies\Box2D\include\box2d\b2_distance_joint.h">
      <Filter>Resource Files\Box2D\Include</Filter>
    </ClInclude>
    <ClInclude Include="Dependencies\Box2D\include\box2d\b2_draw.h">
      <Filter>Resource Files\Box2D\Include</Filter>
    </ClInclude>
    <ClInclude Include="Dependencies\Box2D\include\box2d\b2_dynamic_tree.h">
      <Filter>Resource Files\Box2D\Include</Filter>
    </ClInclude>
    <ClInclude Include="Dependencies\Box2D\include\box2d\b2_edge_shape.h">
      <Filter>Resource Files\Box2D\Include</Filter>
    </ClInclude>
    <ClInclude Include="Dependencies\Box2D\include\box2d\b2_fixture.h">
      <Filter>Resource Files\Box2D\Include</Filter>
    </ClInclude>
    <ClInclude Include="Dependencies\Box2D\include\box2d\b2_friction_joint.h">
      <Filter>Resource Files\Box2D\Include</Filter>
    </ClInclude>
    <ClInclude Include="Dependencies\Box2D\include\box2d\b2_gear_joint.h">
      <Filter>Resource Files\Box2D\Include</Filter>
    </ClInclude>
    <ClInclude Include="Dependencies\Box2D\include\box2d\b2_growable_stack.h">
      <Filter>Resource Files\Box2D\Include</Filter>
    </ClInclude>
    <ClInclude Include="Dependencies\Box2D\include\box2d\b2_joint.h">
      <Filter>Resource Files\Box2D\Include</Filter>
    </ClInclude>
    <ClInclude Include="Dependencies\Box2D\include\box2d\b2_math.h">
      <Filter>Resource Files\Box2D\Include</Filter>
    </ClInclude>
    <ClInclude Include="Dependencies\Box2D\include\box2d\b2_motor_joint.h">
      <Filter>Resource Files\Box2D\Include</Filter>
    </ClInclude>
    <ClInclude Include="Dependencies\Box2D\include\box2d\b2_mouse_joint.h">
      <Filter>Resource Files\Box2D\Include</Filter>
    </ClInclude>
    <ClInclude Include="Dependencies\Box2D\include\box2d\b2_polygon_shape.h">
      <Filter>Resource Files\Box2D\Include</Filter>
    </ClInclude>
    <ClInclude Include="Dependencies\Box2D\include\box2d\b2_prismatic_joint.h">
      <Filter>Resource Files\Box2D\Include</Filter>
    </ClInclude>
    <ClInclude Include="Dependencies\Box2D\include\box2d\b2_pulley_joint.h">
      <Filter>Resource Files\Box2D\Include</Filter>
    </ClInclude>
    <ClInclude Include="Dependencies\Box2D\include\box2d\b2_revolute_joint.h">
      <Filter>Resource Files\Box2D\Include</Filter>
    </ClInclude>
    <ClInclude Include="Dependencies\Box2D\include\box2d\b2_rope.h">
      <Filter>Resource Files\Box2D\Include</Filter>
    </ClInclude>
    <ClInclude Include="Dependencies\Box2D\include\box2d\b2_settings.h">
      <Filter>Resource Files\Box2D\Include</Filter>
    </ClInclude>
    <ClInclude Include="Dependencies\Box2D\include\box2d\b2_shape.h">
      <Filter>Resource Files\Box2D\Include</Filter>
    </ClInclude>
    <ClInclude Include="Dependencies\Box2D\include\box2d\b2_stack_allocator.h">
      <Filter>Resource Files\Box2D\Include</Filter>
    </ClInclude>
    <ClInclude Include="Dependencies\Box2D\include\box2d\b2_time_of_impact.h">
      <Filter>Resource Files\Box2D\Include</Filter>
    </ClInclude>
    <ClInclude Include="Dependencies\Box2D\include\box2d\b2_time_step.h">
      <Filter>Resource Files\Box2D\Include</Filter>
    </ClInclude>
    <ClInclude Include="Dependencies\Box2D\include\box2d\b2_timer.h">
      <Filter>Resource Files\Box2D\Include</Filter>
    </ClInclude>
    <ClInclude Include="Dependencies\Box2D\include\box2d\b2_types.h">
      <Filter>Resource Files\Box2D\Include</Filter>
    </ClInclude>
    <ClInclude Include="Dependencies\Box2D\include\box2d\b2_weld_joint.h">
      <Filter>Resource Files\Box2D\Include</Filter>
    </ClInclude>
    <ClInclude Include="Dependencies\Box2D\include\box2d\b2_wheel_joint.h">
      <Filter>Resource Files\Box2D\Include</Filter>
    </ClInclude>
    <ClInclude Include="Dependencies\Box2D\include\box2d\b2_world.h">
      <Filter>Resource Files\Box2D\Include</Filter>
    </ClInclude>
    <ClInclude Include="Dependencies\Box2D\include\box2d\b2_world_callbacks.h">
      <Filter>Resource Files\Box2D\Include</Filter>
    </ClInclude>
    <ClInclude Include="Dependencies\Box2D\include\box2d\box2d.h">
      <Filter>Resource Files\Box2D\Include</Filter>
    </ClInclude>
  </ItemGroup>
  <ItemGroup>
    <Library Include="Lib\x86\SDL2.lib">
      <Filter>Resource Files\Lib\x86</Filter>
    </Library>
    <Library Include="Lib\x86\SDL2main.lib">
      <Filter>Resource Files\Lib\x86</Filter>
    </Library>
    <Library Include="Lib\x86\SDL2test.lib">
      <Filter>Resource Files\Lib\x86</Filter>
    </Library>
    <Library Include="Lib\x86\SDL2_ttf.lib">
      <Filter>Resource Files\Lib\x86</Filter>
    </Library>
    <Library Include="Lib\x86\SDL2_image.lib">
      <Filter>Resource Files\Lib\x86</Filter>
    </Library>
    <Library Include="Lib\x64\SDL2.lib">
      <Filter>Resource Files\Lib\x64</Filter>
    </Library>
    <Library Include="Lib\x64\SDL2main.lib">
      <Filter>Resource Files\Lib\x64</Filter>
    </Library>
    <Library Include="Lib\x64\SDL2test.lib">
      <Filter>Resource Files\Lib\x64</Filter>
    </Library>
    <Library Include="Lib\x64\SDL2_ttf.lib">
      <Filter>Resource Files\Lib\x64</Filter>
    </Library>
    <Library Include="Lib\x64\SDL2_image.lib">
      <Filter>Resource Files\Lib\x64</Filter>
    </Library>
  </ItemGroup>
  <ItemGroup>
    <None Include="Lib\x86\SDL2.dll">
      <Filter>Resource Files\Lib\x86</Filter>
    </None>
    <None Include="Lib\x86\SDL2_ttf.dll">
      <Filter>Resource Files\Lib\x86</Filter>
    </None>
    <None Include="Lib\x86\zlib1.dll">
      <Filter>Resource Files\Lib\x86</Filter>
    </None>
    <None Include="Lib\x86\libfreetype-6.dll">
      <Filter>Resource Files\Lib\x86</Filter>
    </None>
    <None Include="Lib\x86\SDL2_image.dll">
      <Filter>Resource Files\Lib\x86</Filter>
    </None>
    <None Include="Lib\x86\libjpeg-9.dll">
      <Filter>Resource Files\Lib\x86</Filter>
    </None>
    <None Include="Lib\x86\libpng16-16.dll">
      <Filter>Resource Files\Lib\x86</Filter>
    </None>
    <None Include="Lib\x86\libtiff-5.dll">
      <Filter>Resource Files\Lib\x86</Filter>
    </None>
    <None Include="Lib\x86\libwebp-7.dll">
      <Filter>Resource Files\Lib\x86</Filter>
    </None>
    <None Include="Lib\x64\SDL2.dll">
      <Filter>Resource Files\Lib\x64</Filter>
    </None>
    <None Include="Lib\x64\SDL2_ttf.dll">
      <Filter>Resource Files\Lib\x64</Filter>
    </None>
    <None Include="Lib\x64\zlib1.dll">
      <Filter>Resource Files\Lib\x64</Filter>
    </None>
    <None Include="Lib\x64\libfreetype-6.dll">
      <Filter>Resource Files\Lib\x64</Filter>
    </None>
    <None Include="Lib\x64\SDL2_image.dll">
      <Filter>Resource Files\Lib\x64</Filter>
    </None>
    <None Include="Lib\x64\libjpeg-9.dll">
      <Filter>Resource Files\Lib\x64</Filter>
    </None>
    <None Include="Lib\x64\libpng16-16.dll">
      <Filter>Resource Files\Lib\x64</Filter>
    </None>
    <None Include="Lib\x64\libtiff-5.dll">
      <Filter>Resource Files\Lib\x64</Filter>
    </None>
    <None Include="Lib\x64\libwebp-7.dll">
      <Filter>Resource Files\Lib\x64</Filter>
    </None>
  </ItemGroup>
</Project>